
Microsoft Visual Studio Solution File, Format Version 12.00
# Visual Studio Version 17
VisualStudioVersion = 17.0.31903.59
MinimumVisualStudioVersion = 10.0.40219.1
Project("{2150E333-8FDC-42A3-9474-1A3956D46DE8}") = "src", "src", "{827E0CD3-B72D-47B6-A68D-7590B98EB39B}"
EndProject
Project("{FAE04EC0-301F-11D3-BF4B-00C04F79EFBC}") = "ECOS.Domain", "src\ECOS.Domain\ECOS.Domain.csproj", "{A34591E6-1AA5-4D06-B497-1BCFDF48F06D}"
EndProject
Project("{FAE04EC0-301F-11D3-BF4B-00C04F79EFBC}") = "ECOS.Application", "src\ECOS.Application\ECOS.Application.csproj", "{DFB287E9-A482-432A-B3CF-A5C0D6640D6F}"
EndProject
Project("{FAE04EC0-301F-11D3-BF4B-00C04F79EFBC}") = "ECOS.Infrastructure", "src\ECOS.Infrastructure\ECOS.Infrastructure.csproj", "{43870A0E-CC43-4AB8-9421-8A416F7F5379}"
EndProject
Project("{FAE04EC0-301F-11D3-BF4B-00C04F79EFBC}") = "ECOS.Api", "src\ECOS.Api\ECOS.Api.csproj", "{504EBDB3-FF4D-47C4-93BC-FA200ACF72A7}"
EndProject
Project("{FAE04EC0-301F-11D3-BF4B-00C04F79EFBC}") = "ECOS.Persistence", "src\ECOS.Persistence\ECOS.Persistence.csproj", "{C8177D2B-DF24-4FA5-A5A5-B07A32FE06CC}"
EndProject
Project("{FAE04EC0-301F-11D3-BF4B-00C04F79EFBC}") = "ECOS.Shared", "src\ECOS.Shared\ECOS.Shared.csproj", "{2EC50A88-14DD-4C1B-8D50-45E7BE251C9E}"
EndProject
Global
	GlobalSection(SolutionConfigurationPlatforms) = preSolution
		Debug|Any CPU = Debug|Any CPU
		Debug|x64 = Debug|x64
		Debug|x86 = Debug|x86
		Release|Any CPU = Release|Any CPU
		Release|x64 = Release|x64
		Release|x86 = Release|x86
	EndGlobalSection
	GlobalSection(ProjectConfigurationPlatforms) = postSolution
		{A34591E6-1AA5-4D06-B497-1BCFDF48F06D}.Debug|Any CPU.ActiveCfg = Debug|Any CPU
		{A34591E6-1AA5-4D06-B497-1BCFDF48F06D}.Debug|Any CPU.Build.0 = Debug|Any CPU
		{A34591E6-1AA5-4D06-B497-1BCFDF48F06D}.Debug|x64.ActiveCfg = Debug|Any CPU
		{A34591E6-1AA5-4D06-B497-1BCFDF48F06D}.Debug|x64.Build.0 = Debug|Any CPU
		{A34591E6-1AA5-4D06-B497-1BCFDF48F06D}.Debug|x86.ActiveCfg = Debug|Any CPU
		{A34591E6-1AA5-4D06-B497-1BCFDF48F06D}.Debug|x86.Build.0 = Debug|Any CPU
		{A34591E6-1AA5-4D06-B497-1BCFDF48F06D}.Release|Any CPU.ActiveCfg = Release|Any CPU
		{A34591E6-1AA5-4D06-B497-1BCFDF48F06D}.Release|Any CPU.Build.0 = Release|Any CPU
		{A34591E6-1AA5-4D06-B497-1BCFDF48F06D}.Release|x64.ActiveCfg = Release|Any CPU
		{A34591E6-1AA5-4D06-B497-1BCFDF48F06D}.Release|x64.Build.0 = Release|Any CPU
		{A34591E6-1AA5-4D06-B497-1BCFDF48F06D}.Release|x86.ActiveCfg = Release|Any CPU
		{A34591E6-1AA5-4D06-B497-1BCFDF48F06D}.Release|x86.Build.0 = Release|Any CPU
		{DFB287E9-A482-432A-B3CF-A5C0D6640D6F}.Debug|Any CPU.ActiveCfg = Debug|Any CPU
		{DFB287E9-A482-432A-B3CF-A5C0D6640D6F}.Debug|Any CPU.Build.0 = Debug|Any CPU
		{DFB287E9-A482-432A-B3CF-A5C0D6640D6F}.Debug|x64.ActiveCfg = Debug|Any CPU
		{DFB287E9-A482-432A-B3CF-A5C0D6640D6F}.Debug|x64.Build.0 = Debug|Any CPU
		{DFB287E9-A482-432A-B3CF-A5C0D6640D6F}.Debug|x86.ActiveCfg = Debug|Any CPU
		{DFB287E9-A482-432A-B3CF-A5C0D6640D6F}.Debug|x86.Build.0 = Debug|Any CPU
		{DFB287E9-A482-432A-B3CF-A5C0D6640D6F}.Release|Any CPU.ActiveCfg = Release|Any CPU
		{DFB287E9-A482-432A-B3CF-A5C0D6640D6F}.Release|Any CPU.Build.0 = Release|Any CPU
		{DFB287E9-A482-432A-B3CF-A5C0D6640D6F}.Release|x64.ActiveCfg = Release|Any CPU
		{DFB287E9-A482-432A-B3CF-A5C0D6640D6F}.Release|x64.Build.0 = Release|Any CPU
		{DFB287E9-A482-432A-B3CF-A5C0D6640D6F}.Release|x86.ActiveCfg = Release|Any CPU
		{DFB287E9-A482-432A-B3CF-A5C0D6640D6F}.Release|x86.Build.0 = Release|Any CPU
		{43870A0E-CC43-4AB8-9421-8A416F7F5379}.Debug|Any CPU.ActiveCfg = Debug|Any CPU
		{43870A0E-CC43-4AB8-9421-8A416F7F5379}.Debug|Any CPU.Build.0 = Debug|Any CPU
		{43870A0E-CC43-4AB8-9421-8A416F7F5379}.Debug|x64.ActiveCfg = Debug|Any CPU
		{43870A0E-CC43-4AB8-9421-8A416F7F5379}.Debug|x64.Build.0 = Debug|Any CPU
		{43870A0E-CC43-4AB8-9421-8A416F7F5379}.Debug|x86.ActiveCfg = Debug|Any CPU
		{43870A0E-CC43-4AB8-9421-8A416F7F5379}.Debug|x86.Build.0 = Debug|Any CPU
		{43870A0E-CC43-4AB8-9421-8A416F7F5379}.Release|Any CPU.ActiveCfg = Release|Any CPU
		{43870A0E-CC43-4AB8-9421-8A416F7F5379}.Release|Any CPU.Build.0 = Release|Any CPU
		{43870A0E-CC43-4AB8-9421-8A416F7F5379}.Release|x64.ActiveCfg = Release|Any CPU
		{43870A0E-CC43-4AB8-9421-8A416F7F5379}.Release|x64.Build.0 = Release|Any CPU
		{43870A0E-CC43-4AB8-9421-8A416F7F5379}.Release|x86.ActiveCfg = Release|Any CPU
		{43870A0E-CC43-4AB8-9421-8A416F7F5379}.Release|x86.Build.0 = Release|Any CPU
		{504EBDB3-FF4D-47C4-93BC-FA200ACF72A7}.Debug|Any CPU.ActiveCfg = Debug|Any CPU
		{504EBDB3-FF4D-47C4-93BC-FA200ACF72A7}.Debug|Any CPU.Build.0 = Debug|Any CPU
		{504EBDB3-FF4D-47C4-93BC-FA200ACF72A7}.Debug|x64.ActiveCfg = Debug|Any CPU
		{504EBDB3-FF4D-47C4-93BC-FA200ACF72A7}.Debug|x64.Build.0 = Debug|Any CPU
		{504EBDB3-FF4D-47C4-93BC-FA200ACF72A7}.Debug|x86.ActiveCfg = Debug|Any CPU
		{504EBDB3-FF4D-47C4-93BC-FA200ACF72A7}.Debug|x86.Build.0 = Debug|Any CPU
		{504EBDB3-FF4D-47C4-93BC-FA200ACF72A7}.Release|Any CPU.ActiveCfg = Release|Any CPU
		{504EBDB3-FF4D-47C4-93BC-FA200ACF72A7}.Release|Any CPU.Build.0 = Release|Any CPU
		{504EBDB3-FF4D-47C4-93BC-FA200ACF72A7}.Release|x64.ActiveCfg = Release|Any CPU
		{504EBDB3-FF4D-47C4-93BC-FA200ACF72A7}.Release|x64.Build.0 = Release|Any CPU
		{504EBDB3-FF4D-47C4-93BC-FA200ACF72A7}.Release|x86.ActiveCfg = Release|Any CPU
		{504EBDB3-FF4D-47C4-93BC-FA200ACF72A7}.Release|x86.Build.0 = Release|Any CPU
		{C8177D2B-DF24-4FA5-A5A5-B07A32FE06CC}.Debug|Any CPU.ActiveCfg = Debug|Any CPU
		{C8177D2B-DF24-4FA5-A5A5-B07A32FE06CC}.Debug|Any CPU.Build.0 = Debug|Any CPU
		{C8177D2B-DF24-4FA5-A5A5-B07A32FE06CC}.Debug|x64.ActiveCfg = Debug|Any CPU
		{C8177D2B-DF24-4FA5-A5A5-B07A32FE06CC}.Debug|x64.Build.0 = Debug|Any CPU
		{C8177D2B-DF24-4FA5-A5A5-B07A32FE06CC}.Debug|x86.ActiveCfg = Debug|Any CPU
		{C8177D2B-DF24-4FA5-A5A5-B07A32FE06CC}.Debug|x86.Build.0 = Debug|Any CPU
		{C8177D2B-DF24-4FA5-A5A5-B07A32FE06CC}.Release|Any CPU.ActiveCfg = Release|Any CPU
		{C8177D2B-DF24-4FA5-A5A5-B07A32FE06CC}.Release|Any CPU.Build.0 = Release|Any CPU
		{C8177D2B-DF24-4FA5-A5A5-B07A32FE06CC}.Release|x64.ActiveCfg = Release|Any CPU
		{C8177D2B-DF24-4FA5-A5A5-B07A32FE06CC}.Release|x64.Build.0 = Release|Any CPU
		{C8177D2B-DF24-4FA5-A5A5-B07A32FE06CC}.Release|x86.ActiveCfg = Release|Any CPU
		{C8177D2B-DF24-4FA5-A5A5-B07A32FE06CC}.Release|x86.Build.0 = Release|Any CPU
		{2EC50A88-14DD-4C1B-8D50-45E7BE251C9E}.Debug|Any CPU.ActiveCfg = Debug|Any CPU
		{2EC50A88-14DD-4C1B-8D50-45E7BE251C9E}.Debug|Any CPU.Build.0 = Debug|Any CPU
		{2EC50A88-14DD-4C1B-8D50-45E7BE251C9E}.Debug|x64.ActiveCfg = Debug|Any CPU
		{2EC50A88-14DD-4C1B-8D50-45E7BE251C9E}.Debug|x64.Build.0 = Debug|Any CPU
		{2EC50A88-14DD-4C1B-8D50-45E7BE251C9E}.Debug|x86.ActiveCfg = Debug|Any CPU
		{2EC50A88-14DD-4C1B-8D50-45E7BE251C9E}.Debug|x86.Build.0 = Debug|Any CPU
		{2EC50A88-14DD-4C1B-8D50-45E7BE251C9E}.Release|Any CPU.ActiveCfg = Release|Any CPU
		{2EC50A88-14DD-4C1B-8D50-45E7BE251C9E}.Release|Any CPU.Build.0 = Release|Any CPU
		{2EC50A88-14DD-4C1B-8D50-45E7BE251C9E}.Release|x64.ActiveCfg = Release|Any CPU
		{2EC50A88-14DD-4C1B-8D50-45E7BE251C9E}.Release|x64.Build.0 = Release|Any CPU
		{2EC50A88-14DD-4C1B-8D50-45E7BE251C9E}.Release|x86.ActiveCfg = Release|Any CPU
		{2EC50A88-14DD-4C1B-8D50-45E7BE251C9E}.Release|x86.Build.0 = Release|Any CPU
	EndGlobalSection
	GlobalSection(SolutionProperties) = preSolution
		HideSolutionNode = FALSE
	EndGlobalSection
	GlobalSection(NestedProjects) = preSolution
		{A34591E6-1AA5-4D06-B497-1BCFDF48F06D} = {827E0CD3-B72D-47B6-A68D-7590B98EB39B}
		{DFB287E9-A482-432A-B3CF-A5C0D6640D6F} = {827E0CD3-B72D-47B6-A68D-7590B98EB39B}
		{43870A0E-CC43-4AB8-9421-8A416F7F5379} = {827E0CD3-B72D-47B6-A68D-7590B98EB39B}
		{504EBDB3-FF4D-47C4-93BC-FA200ACF72A7} = {827E0CD3-B72D-47B6-A68D-7590B98EB39B}
		{C8177D2B-DF24-4FA5-A5A5-B07A32FE06CC} = {827E0CD3-B72D-47B6-A68D-7590B98EB39B}
		{2EC50A88-14DD-4C1B-8D50-45E7BE251C9E} = {827E0CD3-B72D-47B6-A68D-7590B98EB39B}
	EndGlobalSection
EndGlobal
